// !$*UTF8*$!
{
	archiveVersion = 1;
	classes = {
	};
	objectVersion = 56;
	objects = {

/* Begin PBXBuildFile section */
		03A242162DFB505000AD5970 /* KeychainAccess in Frameworks */ = {isa = PBXBuildFile; productRef = 03A242152DFB505000AD5970 /* KeychainAccess */; };
		3C0A1E2B2C8A123400000001 /* PriceAdjustProApp.swift in Sources */ = {isa = PBXBuildFile; fileRef = 3C0A1E2A2C8A123400000001 /* PriceAdjustProApp.swift */; };
		3C0A1E2D2C8A123400000001 /* ContentView.swift in Sources */ = {isa = PBXBuildFile; fileRef = 3C0A1E2C2C8A123400000001 /* ContentView.swift */; };
		3C0A1E452C8A123500000001 /* AuthenticationService.swift in Sources */ = {isa = PBXBuildFile; fileRef = 3C0A1E462C8A123500000001 /* AuthenticationService.swift */; };
		3C0A1E472C8A123500000001 /* ReceiptStore.swift in Sources */ = {isa = PBXBuildFile; fileRef = 3C0A1E482C8A123500000001 /* ReceiptStore.swift */; };
		3C0A1E492C8A123500000001 /* AuthModels.swift in Sources */ = {isa = PBXBuildFile; fileRef = 3C0A1E4A2C8A123500000001 /* AuthModels.swift */; };
		3C0A1E4B2C8A123500000001 /* ReceiptModels.swift in Sources */ = {isa = PBXBuildFile; fileRef = 3C0A1E4C2C8A123500000001 /* ReceiptModels.swift */; };
		3C0A1E4D2C8A123500000001 /* APIService.swift in Sources */ = {isa = PBXBuildFile; fileRef = 3C0A1E4E2C8A123500000001 /* APIService.swift */; };
		3C0A1E4F2C8A123500000001 /* AuthenticationView.swift in Sources */ = {isa = PBXBuildFile; fileRef = 3C0A1E502C8A123500000001 /* AuthenticationView.swift */; };
		3C0A1E512C8A123500000001 /* ReceiptListView.swift in Sources */ = {isa = PBXBuildFile; fileRef = 3C0A1E522C8A123500000001 /* ReceiptListView.swift */; };
		3C0A1E532C8A123500000001 /* AddReceiptView.swift in Sources */ = {isa = PBXBuildFile; fileRef = 3C0A1E542C8A123500000001 /* AddReceiptView.swift */; };
		3C0A1E552C8A123500000001 /* AnalyticsView.swift in Sources */ = {isa = PBXBuildFile; fileRef = 3C0A1E562C8A123500000001 /* AnalyticsView.swift */; };
		3C0A1E572C8A123500000001 /* ProfileView.swift in Sources */ = {isa = PBXBuildFile; fileRef = 3C0A1E582C8A123500000001 /* ProfileView.swift */; };
		3C0A1E5D2C8A123500000001 /* PDFService.swift in Sources */ = {isa = PBXBuildFile; fileRef = 3C0A1E5E2C8A123500000001 /* PDFService.swift */; };
		3C0A1E5F2C8A123500000001 /* PriceAdjustmentsView.swift in Sources */ = {isa = PBXBuildFile; fileRef = 3C0A1E602C8A123500000001 /* PriceAdjustmentsView.swift */; };
		3C0A1E692C8A123500000001 /* ThemeManager.swift in Sources */ = {isa = PBXBuildFile; fileRef = 3C0A1E6A2C8A123500000001 /* ThemeManager.swift */; };
		3C0A1E6B2C8A123500000001 /* SettingsView.swift in Sources */ = {isa = PBXBuildFile; fileRef = 3C0A1E6C2C8A123500000001 /* SettingsView.swift */; };
		3C0A1E612C8A123500000001 /* PriceAdjustmentsViewModel.swift in Sources */ = {isa = PBXBuildFile; fileRef = 3C0A1E622C8A123500000001 /* PriceAdjustmentsViewModel.swift */; };
		3C0A1E632C8A123500000001 /* OnSaleView.swift in Sources */ = {isa = PBXBuildFile; fileRef = 3C0A1E642C8A123500000001 /* OnSaleView.swift */; };
		3C0A1E652C8A123500000001 /* OnSaleViewModel.swift in Sources */ = {isa = PBXBuildFile; fileRef = 3C0A1E662C8A123500000001 /* OnSaleViewModel.swift */; };
		3C0A1E2F2C8A123500000001 /* Assets.xcassets in Resources */ = {isa = PBXBuildFile; fileRef = 3C0A1E2E2C8A123500000001 /* Assets.xcassets */; };
		3C0A1E322C8A123500000001 /* Preview Assets.xcassets in Resources */ = {isa = PBXBuildFile; fileRef = 3C0A1E312C8A123500000001 /* Preview Assets.xcassets */; };
		3C0A1E342C8A123500000001 /* PersistenceController.swift in Sources */ = {isa = PBXBuildFile; fileRef = 3C0A1E332C8A123500000001 /* PersistenceController.swift */; };
		3C0A1E372C8A123500000001 /* PriceAdjustPro.xcdatamodeld in Sources */ = {isa = PBXBuildFile; fileRef = 3C0A1E352C8A123500000001 /* PriceAdjustPro.xcdatamodeld */; };
/* End PBXBuildFile section */

/* Begin PBXFileReference section */
		3C0A1E272C8A123400000001 /* PriceAdjustPro.app */ = {isa = PBXFileReference; explicitFileType = wrapper.application; includeInIndex = 0; path = PriceAdjustPro.app; sourceTree = BUILT_PRODUCTS_DIR; };
		3C0A1E2A2C8A123400000001 /* PriceAdjustProApp.swift */ = {isa = PBXFileReference; lastKnownFileType = sourcecode.swift; path = PriceAdjustProApp.swift; sourceTree = "<group>"; };
		3C0A1E2C2C8A123400000001 /* ContentView.swift */ = {isa = PBXFileReference; lastKnownFileType = sourcecode.swift; path = ContentView.swift; sourceTree = "<group>"; };
		3C0A1E2E2C8A123500000001 /* Assets.xcassets */ = {isa = PBXFileReference; lastKnownFileType = folder.assetcatalog; path = Assets.xcassets; sourceTree = "<group>"; };
		3C0A1E312C8A123500000001 /* Preview Assets.xcassets */ = {isa = PBXFileReference; lastKnownFileType = folder.assetcatalog; path = "Preview Assets.xcassets"; sourceTree = "<group>"; };
		3C0A1E332C8A123500000001 /* PersistenceController.swift */ = {isa = PBXFileReference; lastKnownFileType = sourcecode.swift; path = PersistenceController.swift; sourceTree = "<group>"; };
		3C0A1E362C8A123500000001 /* PriceAdjustPro.xcdatamodel */ = {isa = PBXFileReference; lastKnownFileType = wrapper.xcdatamodel; path = PriceAdjustPro.xcdatamodel; sourceTree = "<group>"; };
		3C0A1E382C8A123500000001 /* Info.plist */ = {isa = PBXFileReference; lastKnownFileType = text.plist.xml; path = Info.plist; sourceTree = "<group>"; };
		3C0A1E462C8A123500000001 /* AuthenticationService.swift */ = {isa = PBXFileReference; lastKnownFileType = sourcecode.swift; path = AuthenticationService.swift; sourceTree = "<group>"; };
		3C0A1E482C8A123500000001 /* ReceiptStore.swift */ = {isa = PBXFileReference; lastKnownFileType = sourcecode.swift; path = ReceiptStore.swift; sourceTree = "<group>"; };
		3C0A1E4A2C8A123500000001 /* AuthModels.swift */ = {isa = PBXFileReference; lastKnownFileType = sourcecode.swift; path = AuthModels.swift; sourceTree = "<group>"; };
		3C0A1E4C2C8A123500000001 /* ReceiptModels.swift */ = {isa = PBXFileReference; lastKnownFileType = sourcecode.swift; path = ReceiptModels.swift; sourceTree = "<group>"; };
		3C0A1E4E2C8A123500000001 /* APIService.swift */ = {isa = PBXFileReference; lastKnownFileType = sourcecode.swift; path = APIService.swift; sourceTree = "<group>"; };
		3C0A1E502C8A123500000001 /* AuthenticationView.swift */ = {isa = PBXFileReference; lastKnownFileType = sourcecode.swift; path = AuthenticationView.swift; sourceTree = "<group>"; };
		3C0A1E522C8A123500000001 /* ReceiptListView.swift */ = {isa = PBXFileReference; lastKnownFileType = sourcecode.swift; path = ReceiptListView.swift; sourceTree = "<group>"; };
		3C0A1E542C8A123500000001 /* AddReceiptView.swift */ = {isa = PBXFileReference; lastKnownFileType = sourcecode.swift; path = AddReceiptView.swift; sourceTree = "<group>"; };
		3C0A1E562C8A123500000001 /* AnalyticsView.swift */ = {isa = PBXFileReference; lastKnownFileType = sourcecode.swift; path = AnalyticsView.swift; sourceTree = "<group>"; };
		3C0A1E582C8A123500000001 /* ProfileView.swift */ = {isa = PBXFileReference; lastKnownFileType = sourcecode.swift; path = ProfileView.swift; sourceTree = "<group>"; };
		3C0A1E5E2C8A123500000001 /* PDFService.swift */ = {isa = PBXFileReference; lastKnownFileType = sourcecode.swift; path = PDFService.swift; sourceTree = "<group>"; };
		3C0A1E602C8A123500000001 /* PriceAdjustmentsView.swift */ = {isa = PBXFileReference; lastKnownFileType = sourcecode.swift; path = PriceAdjustmentsView.swift; sourceTree = "<group>"; };
		3C0A1E6A2C8A123500000001 /* ThemeManager.swift */ = {isa = PBXFileReference; lastKnownFileType = sourcecode.swift; path = ThemeManager.swift; sourceTree = "<group>"; };
		3C0A1E6C2C8A123500000001 /* SettingsView.swift */ = {isa = PBXFileReference; lastKnownFileType = sourcecode.swift; path = SettingsView.swift; sourceTree = "<group>"; };
		3C0A1E622C8A123500000001 /* PriceAdjustmentsViewModel.swift */ = {isa = PBXFileReference; lastKnownFileType = sourcecode.swift; path = PriceAdjustmentsViewModel.swift; sourceTree = "<group>"; };
		3C0A1E642C8A123500000001 /* OnSaleView.swift */ = {isa = PBXFileReference; lastKnownFileType = sourcecode.swift; path = OnSaleView.swift; sourceTree = "<group>"; };
		3C0A1E662C8A123500000001 /* OnSaleViewModel.swift */ = {isa = PBXFileReference; lastKnownFileType = sourcecode.swift; path = OnSaleViewModel.swift; sourceTree = "<group>"; };
/* End PBXFileReference section */

/* Begin PBXFrameworksBuildPhase section */
		3C0A1E242C8A123400000001 /* Frameworks */ = {
			isa = PBXFrameworksBuildPhase;
			buildActionMask = 2147483647;
			files = (
				03A242162DFB505000AD5970 /* KeychainAccess in Frameworks */,
			);
			runOnlyForDeploymentPostprocessing = 0;
		};
/* End PBXFrameworksBuildPhase section */

/* Begin PBXGroup section */
		3C0A1E1E2C8A123400000001 = {
			isa = PBXGroup;
			children = (
				3C0A1E292C8A123400000001 /* PriceAdjustPro */,
				3C0A1E282C8A123400000001 /* Products */,
			);
			sourceTree = "<group>";
		};
		3C0A1E282C8A123400000001 /* Products */ = {
			isa = PBXGroup;
			children = (
				3C0A1E272C8A123400000001 /* PriceAdjustPro.app */,
			);
			name = Products;
			sourceTree = "<group>";
		};
		3C0A1E292C8A123400000001 /* PriceAdjustPro */ = {
			isa = PBXGroup;
			children = (
				3C0A1E3E2C8A124500000001 /* App */,
				3C0A1E3F2C8A124A00000001 /* Models */,
				3C0A1E402C8A124F00000001 /* Views */,
				3C0A1E412C8A125400000001 /* ViewModels */,
				3C0A1E422C8A125900000001 /* Services */,
				3C0A1E432C8A125E00000001 /* Utilities */,
				3C0A1E442C8A126300000001 /* Resources */,
				3C0A1E382C8A123500000001 /* Info.plist */,
				3C0A1E352C8A123500000001 /* PriceAdjustPro.xcdatamodeld */,
				3C0A1E302C8A123500000001 /* Preview Content */,
			);
			path = PriceAdjustPro;
			sourceTree = "<group>";
		};
		3C0A1E302C8A123500000001 /* Preview Content */ = {
			isa = PBXGroup;
			children = (
				3C0A1E312C8A123500000001 /* Preview Assets.xcassets */,
			);
			path = "Preview Content";
			sourceTree = "<group>";
		};
		3C0A1E3E2C8A124500000001 /* App */ = {
			isa = PBXGroup;
			children = (
				3C0A1E2A2C8A123400000001 /* PriceAdjustProApp.swift */,
				3C0A1E2C2C8A123400000001 /* ContentView.swift */,
			);
			path = App;
			sourceTree = "<group>";
		};
		3C0A1E3F2C8A124A00000001 /* Models */ = {
			isa = PBXGroup;
			children = (
				3C0A1E332C8A123500000001 /* PersistenceController.swift */,
				3C0A1E4A2C8A123500000001 /* AuthModels.swift */,
				3C0A1E4C2C8A123500000001 /* ReceiptModels.swift */,
			);
			path = Models;
			sourceTree = "<group>";
		};
		3C0A1E592C8A123500000001 /* Authentication */ = {
			isa = PBXGroup;
			children = (
				3C0A1E502C8A123500000001 /* AuthenticationView.swift */,
			);
			path = Authentication;
			sourceTree = "<group>";
		};
		3C0A1E5A2C8A123500000001 /* Receipts */ = {
			isa = PBXGroup;
			children = (
				3C0A1E522C8A123500000001 /* ReceiptListView.swift */,
				3C0A1E542C8A123500000001 /* AddReceiptView.swift */,
			);
			path = Receipts;
			sourceTree = "<group>";
		};
		3C0A1E5B2C8A123500000001 /* Analytics */ = {
			isa = PBXGroup;
			children = (
				3C0A1E562C8A123500000001 /* AnalyticsView.swift */,
			);
			path = Analytics;
			sourceTree = "<group>";
		};
		3C0A1E5C2C8A123500000001 /* Profile */ = {
			isa = PBXGroup;
			children = (
				3C0A1E582C8A123500000001 /* ProfileView.swift */,
			);
			path = Profile;
			sourceTree = "<group>";
		};
		3C0A1E672C8A123500000001 /* PriceAdjustments */ = {
			isa = PBXGroup;
			children = (
				3C0A1E602C8A123500000001 /* PriceAdjustmentsView.swift */,
			);
			path = PriceAdjustments;
			sourceTree = "<group>";
		};
		3C0A1E682C8A123500000001 /* OnSale */ = {
			isa = PBXGroup;
			children = (
				3C0A1E642C8A123500000001 /* OnSaleView.swift */,
			);
			path = OnSale;
			sourceTree = "<group>";
		};
		3C0A1E6D2C8A123500000001 /* Settings */ = {
			isa = PBXGroup;
			children = (
				3C0A1E6C2C8A123500000001 /* SettingsView.swift */,
			);
			path = Settings;
			sourceTree = "<group>";
		};
		3C0A1E402C8A124F00000001 /* Views */ = {
			isa = PBXGroup;
			children = (
				3C0A1E592C8A123500000001 /* Authentication */,
				3C0A1E5A2C8A123500000001 /* Receipts */,
				3C0A1E5B2C8A123500000001 /* Analytics */,
				3C0A1E5C2C8A123500000001 /* Profile */,
				3C0A1E672C8A123500000001 /* PriceAdjustments */,
				3C0A1E682C8A123500000001 /* OnSale */,
				3C0A1E6D2C8A123500000001 /* Settings */,
			);
			path = Views;
			sourceTree = "<group>";
		};
		3C0A1E412C8A125400000001 /* ViewModels */ = {
			isa = PBXGroup;
			children = (
				3C0A1E482C8A123500000001 /* ReceiptStore.swift */,
				3C0A1E622C8A123500000001 /* PriceAdjustmentsViewModel.swift */,
				3C0A1E662C8A123500000001 /* OnSaleViewModel.swift */,
			);
			path = ViewModels;
			sourceTree = "<group>";
		};
		3C0A1E422C8A125900000001 /* Services */ = {
			isa = PBXGroup;
			children = (
				3C0A1E462C8A123500000001 /* AuthenticationService.swift */,
				3C0A1E4E2C8A123500000001 /* APIService.swift */,
				3C0A1E5E2C8A123500000001 /* PDFService.swift */,
				3C0A1E6A2C8A123500000001 /* ThemeManager.swift */,
			);
			path = Services;
			sourceTree = "<group>";
		};
		3C0A1E432C8A125E00000001 /* Utilities */ = {
			isa = PBXGroup;
			children = (
			);
			path = Utilities;
			sourceTree = "<group>";
		};
		3C0A1E442C8A126300000001 /* Resources */ = {
			isa = PBXGroup;
			children = (
				3C0A1E2E2C8A123500000001 /* Assets.xcassets */,
			);
			path = Resources;
			sourceTree = "<group>";
		};
/* End PBXGroup section */

/* Begin PBXNativeTarget section */
		3C0A1E262C8A123400000001 /* PriceAdjustPro */ = {
			isa = PBXNativeTarget;
			buildConfigurationList = 3C0A1E3B2C8A123500000001 /* Build configuration list for PBXNativeTarget "PriceAdjustPro" */;
			buildPhases = (
				3C0A1E232C8A123400000001 /* Sources */,
				3C0A1E242C8A123400000001 /* Frameworks */,
				3C0A1E252C8A123400000001 /* Resources */,
			);
			buildRules = (
			);
			dependencies = (
			);
			name = PriceAdjustPro;
			productName = PriceAdjustPro;
			productReference = 3C0A1E272C8A123400000001 /* PriceAdjustPro.app */;
			productType = "com.apple.product-type.application";
		};
/* End PBXNativeTarget section */

/* Begin PBXProject section */
		3C0A1E1F2C8A123400000001 /* Project object */ = {
			isa = PBXProject;
			attributes = {
				BuildIndependentTargetsInParallel = 1;
				LastSwiftUpdateCheck = 1500;
				LastUpgradeCheck = 1500;
				TargetAttributes = {
					3C0A1E262C8A123400000001 = {
						CreatedOnToolsVersion = 15.0;
					};
				};
			};
			buildConfigurationList = 3C0A1E222C8A123400000001 /* Build configuration list for PBXProject "PriceAdjustPro" */;
			compatibilityVersion = "Xcode 14.0";
			developmentRegion = en;
			hasScannedForEncodings = 0;
			knownRegions = (
				en,
				Base,
			);
			mainGroup = 3C0A1E1E2C8A123400000001;
			packageReferences = (
				03A242142DFB505000AD5970 /* XCRemoteSwiftPackageReference "KeychainAccess" */,
			);
			productRefGroup = 3C0A1E282C8A123400000001 /* Products */;
			projectDirPath = "";
			projectRoot = "";
			targets = (
				3C0A1E262C8A123400000001 /* PriceAdjustPro */,
			);
		};
/* End PBXProject section */

/* Begin PBXResourcesBuildPhase section */
		3C0A1E252C8A123400000001 /* Resources */ = {
			isa = PBXResourcesBuildPhase;
			buildActionMask = 2147483647;
			files = (
				3C0A1E322C8A123500000001 /* Preview Assets.xcassets in Resources */,
				3C0A1E2F2C8A123500000001 /* Assets.xcassets in Resources */,
			);
			runOnlyForDeploymentPostprocessing = 0;
		};
/* End PBXResourcesBuildPhase section */

/* Begin PBXSourcesBuildPhase section */
		3C0A1E232C8A123400000001 /* Sources */ = {
			isa = PBXSourcesBuildPhase;
			buildActionMask = 2147483647;
			files = (
				3C0A1E342C8A123500000001 /* PersistenceController.swift in Sources */,
				3C0A1E2D2C8A123400000001 /* ContentView.swift in Sources */,
				3C0A1E2B2C8A123400000001 /* PriceAdjustProApp.swift in Sources */,
				3C0A1E372C8A123500000001 /* PriceAdjustPro.xcdatamodeld in Sources */,
				3C0A1E452C8A123500000001 /* AuthenticationService.swift in Sources */,
				3C0A1E472C8A123500000001 /* ReceiptStore.swift in Sources */,
				3C0A1E492C8A123500000001 /* AuthModels.swift in Sources */,
				3C0A1E4B2C8A123500000001 /* ReceiptModels.swift in Sources */,
				3C0A1E4D2C8A123500000001 /* APIService.swift in Sources */,
				3C0A1E4F2C8A123500000001 /* AuthenticationView.swift in Sources */,
				3C0A1E512C8A123500000001 /* ReceiptListView.swift in Sources */,
				3C0A1E532C8A123500000001 /* AddReceiptView.swift in Sources */,
				3C0A1E552C8A123500000001 /* AnalyticsView.swift in Sources */,
				3C0A1E572C8A123500000001 /* ProfileView.swift in Sources */,
				3C0A1E5D2C8A123500000001 /* PDFService.swift in Sources */,
				3C0A1E5F2C8A123500000001 /* PriceAdjustmentsView.swift in Sources */,
				3C0A1E612C8A123500000001 /* PriceAdjustmentsViewModel.swift in Sources */,
				3C0A1E692C8A123500000001 /* ThemeManager.swift in Sources */,
				3C0A1E6B2C8A123500000001 /* SettingsView.swift in Sources */,
				3C0A1E632C8A123500000001 /* OnSaleView.swift in Sources */,
				3C0A1E652C8A123500000001 /* OnSaleViewModel.swift in Sources */,
			);
			runOnlyForDeploymentPostprocessing = 0;
		};
/* End PBXSourcesBuildPhase section */

/* Begin XCBuildConfiguration section */
		3C0A1E392C8A123500000001 /* Debug */ = {
			isa = XCBuildConfiguration;
			buildSettings = {
				ALWAYS_SEARCH_USER_PATHS = NO;
				ASSETCATALOG_COMPILER_GENERATE_SWIFT_ASSET_SYMBOL_EXTENSIONS = YES;
				CLANG_ANALYZER_NONNULL = YES;
				CLANG_ANALYZER_NUMBER_OBJECT_CONVERSION = YES_AGGRESSIVE;
				CLANG_CXX_LANGUAGE_STANDARD = "gnu++20";
				CLANG_ENABLE_MODULES = YES;
				CLANG_ENABLE_OBJC_ARC = YES;
				CLANG_ENABLE_OBJC_WEAK = YES;
				CLANG_WARN_BLOCK_CAPTURE_AUTORELEASING = YES;
				CLANG_WARN_BOOL_CONVERSION = YES;
				CLANG_WARN_COMMA = YES;
				CLANG_WARN_CONSTANT_CONVERSION = YES;
				CLANG_WARN_DEPRECATED_OBJC_IMPLEMENTATIONS = YES;
				CLANG_WARN_DIRECT_OBJC_ISA_USAGE = YES_ERROR;
				CLANG_WARN_DOCUMENTATION_COMMENTS = YES;
				CLANG_WARN_EMPTY_BODY = YES;
				CLANG_WARN_ENUM_CONVERSION = YES;
				CLANG_WARN_INFINITE_RECURSION = YES;
				CLANG_WARN_INT_CONVERSION = YES;
				CLANG_WARN_NON_LITERAL_NULL_CONVERSION = YES;
				CLANG_WARN_OBJC_IMPLICIT_RETAIN_SELF = YES;
				CLANG_WARN_OBJC_LITERAL_CONVERSION = YES;
				CLANG_WARN_OBJC_ROOT_CLASS = YES_ERROR;
				CLANG_WARN_QUOTED_INCLUDE_IN_FRAMEWORK_HEADER = YES;
				CLANG_WARN_RANGE_LOOP_ANALYSIS = YES;
				CLANG_WARN_STRICT_PROTOTYPES = YES;
				CLANG_WARN_SUSPICIOUS_MOVE = YES;
				CLANG_WARN_UNGUARDED_AVAILABILITY = YES_AGGRESSIVE;
				CLANG_WARN_UNREACHABLE_CODE = YES;
				CLANG_WARN__DUPLICATE_METHOD_MATCH = YES;
				COPY_PHASE_STRIP = NO;
				DEBUG_INFORMATION_FORMAT = dwarf;
				ENABLE_STRICT_OBJC_MSGSEND = YES;
				ENABLE_TESTABILITY = YES;
				ENABLE_USER_SCRIPT_SANDBOXING = YES;
				GCC_C_LANGUAGE_STANDARD = gnu17;
				GCC_DYNAMIC_NO_PIC = NO;
				GCC_NO_COMMON_BLOCKS = YES;
				GCC_OPTIMIZATION_LEVEL = 0;
				GCC_PREPROCESSOR_DEFINITIONS = (
					"DEBUG=1",
					"$(inherited)",
				);
				GCC_WARN_64_TO_32_BIT_CONVERSION = YES;
				GCC_WARN_ABOUT_RETURN_TYPE = YES_ERROR;
				GCC_WARN_UNDECLARED_SELECTOR = YES;
				GCC_WARN_UNINITIALIZED_AUTOS = YES_AGGRESSIVE;
				GCC_WARN_UNUSED_FUNCTION = YES;
				GCC_WARN_UNUSED_VARIABLE = YES;
				IPHONEOS_DEPLOYMENT_TARGET = 15.0;
				LOCALIZATION_PREFERS_STRING_CATALOGS = YES;
				MTL_ENABLE_DEBUG_INFO = INCLUDE_SOURCE;
				MTL_FAST_MATH = YES;
				ONLY_ACTIVE_ARCH = YES;
				SDKROOT = iphoneos;
				SWIFT_ACTIVE_COMPILATION_CONDITIONS = "DEBUG $(inherited)";
				SWIFT_OPTIMIZATION_LEVEL = "-Onone";
			};
			name = Debug;
		};
		3C0A1E3A2C8A123500000001 /* Release */ = {
			isa = XCBuildConfiguration;
			buildSettings = {
				ALWAYS_SEARCH_USER_PATHS = NO;
				ASSETCATALOG_COMPILER_GENERATE_SWIFT_ASSET_SYMBOL_EXTENSIONS = YES;
				CLANG_ANALYZER_NONNULL = YES;
				CLANG_ANALYZER_NUMBER_OBJECT_CONVERSION = YES_AGGRESSIVE;
				CLANG_CXX_LANGUAGE_STANDARD = "gnu++20";
				CLANG_ENABLE_MODULES = YES;
				CLANG_ENABLE_OBJC_ARC = YES;
				CLANG_ENABLE_OBJC_WEAK = YES;
				CLANG_WARN_BLOCK_CAPTURE_AUTORELEASING = YES;
				CLANG_WARN_BOOL_CONVERSION = YES;
				CLANG_WARN_COMMA = YES;
				CLANG_WARN_CONSTANT_CONVERSION = YES;
				CLANG_WARN_DEPRECATED_OBJC_IMPLEMENTATIONS = YES;
				CLANG_WARN_DIRECT_OBJC_ISA_USAGE = YES_ERROR;
				CLANG_WARN_DOCUMENTATION_COMMENTS = YES;
				CLANG_WARN_EMPTY_BODY = YES;
				CLANG_WARN_ENUM_CONVERSION = YES;
				CLANG_WARN_INFINITE_RECURSION = YES;
				CLANG_WARN_INT_CONVERSION = YES;
				CLANG_WARN_NON_LITERAL_NULL_CONVERSION = YES;
				CLANG_WARN_OBJC_IMPLICIT_RETAIN_SELF = YES;
				CLANG_WARN_OBJC_LITERAL_CONVERSION = YES;
				CLANG_WARN_OBJC_ROOT_CLASS = YES_ERROR;
				CLANG_WARN_QUOTED_INCLUDE_IN_FRAMEWORK_HEADER = YES;
				CLANG_WARN_RANGE_LOOP_ANALYSIS = YES;
				CLANG_WARN_STRICT_PROTOTYPES = YES;
				CLANG_WARN_SUSPICIOUS_MOVE = YES;
				CLANG_WARN_UNGUARDED_AVAILABILITY = YES_AGGRESSIVE;
				CLANG_WARN_UNREACHABLE_CODE = YES;
				CLANG_WARN__DUPLICATE_METHOD_MATCH = YES;
				COPY_PHASE_STRIP = NO;
				DEBUG_INFORMATION_FORMAT = "dwarf-with-dsym";
				ENABLE_NS_ASSERTIONS = NO;
				ENABLE_STRICT_OBJC_MSGSEND = YES;
				ENABLE_USER_SCRIPT_SANDBOXING = YES;
				GCC_C_LANGUAGE_STANDARD = gnu17;
				GCC_NO_COMMON_BLOCKS = YES;
				GCC_WARN_64_TO_32_BIT_CONVERSION = YES;
				GCC_WARN_ABOUT_RETURN_TYPE = YES_ERROR;
				GCC_WARN_UNDECLARED_SELECTOR = YES;
				GCC_WARN_UNINITIALIZED_AUTOS = YES_AGGRESSIVE;
				GCC_WARN_UNUSED_FUNCTION = YES;
				GCC_WARN_UNUSED_VARIABLE = YES;
				IPHONEOS_DEPLOYMENT_TARGET = 15.0;
				LOCALIZATION_PREFERS_STRING_CATALOGS = YES;
				MTL_ENABLE_DEBUG_INFO = NO;
				MTL_FAST_MATH = YES;
				SDKROOT = iphoneos;
				SWIFT_COMPILATION_MODE = wholemodule;
				VALIDATE_PRODUCT = YES;
			};
			name = Release;
		};
		3C0A1E3C2C8A123500000001 /* Debug */ = {
			isa = XCBuildConfiguration;
			buildSettings = {
				ASSETCATALOG_COMPILER_APPICON_NAME = AppIcon;
				ASSETCATALOG_COMPILER_GLOBAL_ACCENT_COLOR = AccentColor;
				CODE_SIGN_STYLE = Automatic;
				CURRENT_PROJECT_VERSION = 1;
				DEVELOPMENT_ASSET_PATHS = "\"PriceAdjustPro/Preview Content\"";
				ENABLE_PREVIEWS = YES;
				GENERATE_INFOPLIST_FILE = NO;
				INFOPLIST_FILE = PriceAdjustPro/Info.plist;
				INFOPLIST_KEY_NSCameraUsageDescription = "This app needs access to the camera to capture receipt photos";
				INFOPLIST_KEY_NSPhotoLibraryUsageDescription = "This app needs access to your photo library to upload receipt images";
				INFOPLIST_KEY_UIApplicationSceneManifest_Generation = YES;
				INFOPLIST_KEY_UIApplicationSupportsIndirectInputEvents = YES;
				INFOPLIST_KEY_UILaunchScreen_Generation = YES;
				INFOPLIST_KEY_UISupportedInterfaceOrientations_iPad = "UIInterfaceOrientationPortrait UIInterfaceOrientationPortraitUpsideDown UIInterfaceOrientationLandscapeLeft UIInterfaceOrientationLandscapeRight";
				INFOPLIST_KEY_UISupportedInterfaceOrientations_iPhone = "UIInterfaceOrientationPortrait UIInterfaceOrientationLandscapeLeft UIInterfaceOrientationLandscapeRight";
				LD_RUNPATH_SEARCH_PATHS = (
					"$(inherited)",
					"@executable_path/Frameworks",
				);
				MARKETING_VERSION = 1.0;
				PRODUCT_BUNDLE_IDENTIFIER = com.priceadjustpro.ios;
				PRODUCT_NAME = "$(TARGET_NAME)";
				SWIFT_EMIT_LOC_STRINGS = YES;
				SWIFT_VERSION = 5.0;
				TARGETED_DEVICE_FAMILY = "1,2";
			};
			name = Debug;
		};
		3C0A1E3D2C8A123500000001 /* Release */ = {
			isa = XCBuildConfiguration;
			buildSettings = {
				ASSETCATALOG_COMPILER_APPICON_NAME = AppIcon;
				ASSETCATALOG_COMPILER_GLOBAL_ACCENT_COLOR = AccentColor;
				CODE_SIGN_STYLE = Automatic;
				CURRENT_PROJECT_VERSION = 1;
				DEVELOPMENT_ASSET_PATHS = "\"PriceAdjustPro/Preview Content\"";
				ENABLE_PREVIEWS = YES;
				GENERATE_INFOPLIST_FILE = NO;
				INFOPLIST_FILE = PriceAdjustPro/Info.plist;
				INFOPLIST_KEY_NSCameraUsageDescription = "This app needs access to the camera to capture receipt photos";
				INFOPLIST_KEY_NSPhotoLibraryUsageDescription = "This app needs access to your photo library to upload receipt images";
				INFOPLIST_KEY_UIApplicationSceneManifest_Generation = YES;
				INFOPLIST_KEY_UIApplicationSupportsIndirectInputEvents = YES;
				INFOPLIST_KEY_UILaunchScreen_Generation = YES;
				INFOPLIST_KEY_UISupportedInterfaceOrientations_iPad = "UIInterfaceOrientationPortrait UIInterfaceOrientationPortraitUpsideDown UIInterfaceOrientationLandscapeLeft UIInterfaceOrientationLandscapeRight";
				INFOPLIST_KEY_UISupportedInterfaceOrientations_iPhone = "UIInterfaceOrientationPortrait UIInterfaceOrientationLandscapeLeft UIInterfaceOrientationLandscapeRight";
				LD_RUNPATH_SEARCH_PATHS = (
					"$(inherited)",
					"@executable_path/Frameworks",
				);
				MARKETING_VERSION = 1.0;
				PRODUCT_BUNDLE_IDENTIFIER = com.priceadjustpro.ios;
				PRODUCT_NAME = "$(TARGET_NAME)";
				SWIFT_EMIT_LOC_STRINGS = YES;
				SWIFT_VERSION = 5.0;
				TARGETED_DEVICE_FAMILY = "1,2";
			};
			name = Release;
		};
/* End XCBuildConfiguration section */

/* Begin XCConfigurationList section */
		3C0A1E222C8A123400000001 /* Build configuration list for PBXProject "PriceAdjustPro" */ = {
			isa = XCConfigurationList;
			buildConfigurations = (
				3C0A1E392C8A123500000001 /* Debug */,
				3C0A1E3A2C8A123500000001 /* Release */,
			);
			defaultConfigurationIsVisible = 0;
			defaultConfigurationName = Release;
		};
		3C0A1E3B2C8A123500000001 /* Build configuration list for PBXNativeTarget "PriceAdjustPro" */ = {
			isa = XCConfigurationList;
			buildConfigurations = (
				3C0A1E3C2C8A123500000001 /* Debug */,
				3C0A1E3D2C8A123500000001 /* Release */,
			);
			defaultConfigurationIsVisible = 0;
			defaultConfigurationName = Release;
		};
/* End XCConfigurationList section */

/* Begin XCRemoteSwiftPackageReference section */
		03A242142DFB505000AD5970 /* XCRemoteSwiftPackageReference "KeychainAccess" */ = {
			isa = XCRemoteSwiftPackageReference;
			repositoryURL = "https://github.com/kishikawakatsumi/KeychainAccess.git";
			requirement = {
				branch = master;
				kind = branch;
			};
		};
/* End XCRemoteSwiftPackageReference section */

/* Begin XCSwiftPackageProductDependency section */
		03A242152DFB505000AD5970 /* KeychainAccess */ = {
			isa = XCSwiftPackageProductDependency;
			package = 03A242142DFB505000AD5970 /* XCRemoteSwiftPackageReference "KeychainAccess" */;
			productName = KeychainAccess;
		};
/* End XCSwiftPackageProductDependency section */

/* Begin XCVersionGroup section */
		3C0A1E352C8A123500000001 /* PriceAdjustPro.xcdatamodeld */ = {
			isa = XCVersionGroup;
			children = (
				3C0A1E362C8A123500000001 /* PriceAdjustPro.xcdatamodel */,
			);
			currentVersion = 3C0A1E362C8A123500000001 /* PriceAdjustPro.xcdatamodel */;
			path = PriceAdjustPro.xcdatamodeld;
			sourceTree = "<group>";
			versionGroupType = wrapper.xcdatamodel;
		};
/* End XCVersionGroup section */
	};
	rootObject = 3C0A1E1F2C8A123400000001 /* Project object */;
}
